
Microsoft Visual Studio Solution File, Format Version 12.00
# Visual Studio 15
VisualStudioVersion = 15.0.28307.329
MinimumVisualStudioVersion = 10.0.40219.1
Project("{FAE04EC0-301F-11D3-BF4B-00C04F79EFBC}") = "Calcultor", "Calcultor\Calcultor.csproj", "{0C1894D0-D68D-4ECB-9109-10920E84C433}"
EndProject
Global
	GlobalSection(SolutionConfigurationPlatforms) = preSolution
		Debug|Any CPU = Debug|Any CPU
		Release|Any CPU = Release|Any CPU
	EndGlobalSection
	GlobalSection(ProjectConfigurationPlatforms) = postSolution
		{0C1894D0-D68D-4ECB-9109-10920E84C433}.Debug|Any CPU.ActiveCfg = Debug|Any CPU
		{0C1894D0-D68D-4ECB-9109-10920E84C433}.Debug|Any CPU.Build.0 = Debug|Any CPU
		{0C1894D0-D68D-4ECB-9109-10920E84C433}.Release|Any CPU.ActiveCfg = Release|Any CPU
		{0C1894D0-D68D-4ECB-9109-10920E84C433}.Release|Any CPU.Build.0 = Release|Any CPU
	EndGlobalSection
	GlobalSection(SolutionProperties) = preSolution
		HideSolutionNode = FALSE
	EndGlobalSection
	GlobalSection(ExtensibilityGlobals) = postSolution
		SolutionGuid = {C66EC42C-764D-47AC-B7FA-101BDE082573}
	EndGlobalSection
EndGlobal
